
Microsoft Visual Studio Solution File, Format Version 12.00
# Visual Studio Version 16
VisualStudioVersion = 16.0.31613.86
MinimumVisualStudioVersion = 10.0.40219.1
Project("{F184B08F-C81C-45F6-A57F-5ABD9991F28F}") = "MLProject", "MLProject\MLProject.vbproj", "{B3F2D370-54D1-4497-A745-8CE7475DFFBF}"
EndProject
Global
	GlobalSection(SolutionConfigurationPlatforms) = preSolution
		Debug|Any CPU = Debug|Any CPU
		Release|Any CPU = Release|Any CPU
	EndGlobalSection
	GlobalSection(ProjectConfigurationPlatforms) = postSolution
		{B3F2D370-54D1-4497-A745-8CE7475DFFBF}.Debug|Any CPU.ActiveCfg = Debug|Any CPU
		{B3F2D370-54D1-4497-A745-8CE7475DFFBF}.Debug|Any CPU.Build.0 = Debug|Any CPU
		{B3F2D370-54D1-4497-A745-8CE7475DFFBF}.Release|Any CPU.ActiveCfg = Release|Any CPU
		{B3F2D370-54D1-4497-A745-8CE7475DFFBF}.Release|Any CPU.Build.0 = Release|Any CPU
	EndGlobalSection
	GlobalSection(SolutionProperties) = preSolution
		HideSolutionNode = FALSE
	EndGlobalSection
	GlobalSection(ExtensibilityGlobals) = postSolution
		SolutionGuid = {4DB80F5E-61EE-4938-ABDC-8E815FE3DCD0}
	EndGlobalSection
EndGlobal
